
Microsoft Visual Studio Solution File, Format Version 12.00
# Visual Studio Version 16
VisualStudioVersion = 16.0.31112.23
MinimumVisualStudioVersion = 10.0.40219.1
Project("{F184B08F-C81C-45F6-A57F-5ABD9991F28F}") = "LATIHAN", "LATIHAN\LATIHAN.vbproj", "{59ECABA4-4995-447F-804C-C04F73E48A93}"
EndProject
Global
	GlobalSection(SolutionConfigurationPlatforms) = preSolution
		Debug|Any CPU = Debug|Any CPU
		Release|Any CPU = Release|Any CPU
	EndGlobalSection
	GlobalSection(ProjectConfigurationPlatforms) = postSolution
		{59ECABA4-4995-447F-804C-C04F73E48A93}.Debug|Any CPU.ActiveCfg = Debug|Any CPU
		{59ECABA4-4995-447F-804C-C04F73E48A93}.Debug|Any CPU.Build.0 = Debug|Any CPU
		{59ECABA4-4995-447F-804C-C04F73E48A93}.Release|Any CPU.ActiveCfg = Release|Any CPU
		{59ECABA4-4995-447F-804C-C04F73E48A93}.Release|Any CPU.Build.0 = Release|Any CPU
	EndGlobalSection
	GlobalSection(SolutionProperties) = preSolution
		HideSolutionNode = FALSE
	EndGlobalSection
	GlobalSection(ExtensibilityGlobals) = postSolution
		SolutionGuid = {F5C163DC-F6DB-4F69-85CF-4BF2D39F7004}
	EndGlobalSection
EndGlobal
